// !$*UTF8*$!
{
	archiveVersion = 1;
	classes = {
	};
	objectVersion = 46;
	objects = {

/* Begin PBXBuildFile section */
		96D7ACB2152CB953002945F0 /* Cocoa.framework in Frameworks */ = {isa = PBXBuildFile; fileRef = 96D7ACB1152CB953002945F0 /* Cocoa.framework */; };
		96D7ACBC152CB953002945F0 /* InfoPlist.strings in Resources */ = {isa = PBXBuildFile; fileRef = 96D7ACBA152CB953002945F0 /* InfoPlist.strings */; };
		96D7ACBE152CB953002945F0 /* main.m in Sources */ = {isa = PBXBuildFile; fileRef = 96D7ACBD152CB953002945F0 /* main.m */; };
		96D7ACC2152CB953002945F0 /* Credits.rtf in Resources */ = {isa = PBXBuildFile; fileRef = 96D7ACC0152CB953002945F0 /* Credits.rtf */; };
		96D7ACC5152CB953002945F0 /* OFTAppDelegate.m in Sources */ = {isa = PBXBuildFile; fileRef = 96D7ACC4152CB953002945F0 /* OFTAppDelegate.m */; };
		96D7ACC8152CB954002945F0 /* MainMenu.xib in Resources */ = {isa = PBXBuildFile; fileRef = 96D7ACC6152CB954002945F0 /* MainMenu.xib */; };
/* End PBXBuildFile section */

/* Begin PBXFileReference section */
		96D7ACAD152CB953002945F0 /* JFImageSavePanel.app */ = {isa = PBXFileReference; explicitFileType = wrapper.application; includeInIndex = 0; path = JFImageSavePanel.app; sourceTree = BUILT_PRODUCTS_DIR; };
		96D7ACB1152CB953002945F0 /* Cocoa.framework */ = {isa = PBXFileReference; lastKnownFileType = wrapper.framework; name = Cocoa.framework; path = System/Library/Frameworks/Cocoa.framework; sourceTree = SDKROOT; };
		96D7ACB4152CB953002945F0 /* AppKit.framework */ = {isa = PBXFileReference; lastKnownFileType = wrapper.framework; name = AppKit.framework; path = System/Library/Frameworks/AppKit.framework; sourceTree = SDKROOT; };
		96D7ACB5152CB953002945F0 /* CoreData.framework */ = {isa = PBXFileReference; lastKnownFileType = wrapper.framework; name = CoreData.framework; path = System/Library/Frameworks/CoreData.framework; sourceTree = SDKROOT; };
		96D7ACB6152CB953002945F0 /* Foundation.framework */ = {isa = PBXFileReference; lastKnownFileType = wrapper.framework; name = Foundation.framework; path = System/Library/Frameworks/Foundation.framework; sourceTree = SDKROOT; };
		96D7ACB9152CB953002945F0 /* JFImageSavePanel-Info.plist */ = {isa = PBXFileReference; path = "JFImageSavePanel-Info.plist"; sourceTree = "<group>"; };
		96D7ACBB152CB953002945F0 /* en */ = {isa = PBXFileReference; lastKnownFileType = text.plist.strings; name = en; path = en.lproj/InfoPlist.strings; sourceTree = "<group>"; };
		96D7ACBD152CB953002945F0 /* main.m */ = {isa = PBXFileReference; lastKnownFileType = sourcecode.c.objc; path = main.m; sourceTree = "<group>"; };
		96D7ACBF152CB953002945F0 /* JFImageSavePanel-Prefix.pch */ = {isa = PBXFileReference; path = "JFImageSavePanel-Prefix.pch"; sourceTree = "<group>"; };
		96D7ACC1152CB953002945F0 /* en */ = {isa = PBXFileReference; lastKnownFileType = text.rtf; name = en; path = en.lproj/Credits.rtf; sourceTree = "<group>"; };
		96D7ACC3152CB953002945F0 /* OFTAppDelegate.h */ = {isa = PBXFileReference; path = OFTAppDelegate.h; sourceTree = "<group>"; };
		96D7ACC4152CB953002945F0 /* OFTAppDelegate.m */ = {isa = PBXFileReference; lastKnownFileType = sourcecode.c.objc; path = OFTAppDelegate.m; sourceTree = "<group>"; };
		96D7ACC7152CB954002945F0 /* en */ = {isa = PBXFileReference; lastKnownFileType = file.xib; name = en; path = en.lproj/MainMenu.xib; sourceTree = "<group>"; };
/* End PBXFileReference section */

/* Begin PBXFrameworksBuildPhase section */
		96D7ACAA152CB953002945F0 /* Frameworks */ = {
			isa = PBXFrameworksBuildPhase;
			buildActionMask = 2147483647;
			files = (
				96D7ACB2152CB953002945F0 /* Cocoa.framework in Frameworks */,
			);
			runOnlyForDeploymentPostprocessing = 0;
		};
/* End PBXFrameworksBuildPhase section */

/* Begin PBXGroup section */
		96D7ACA2152CB953002945F0 = {
			isa = PBXGroup;
			children = (
				96D7ACB7152CB953002945F0 /* JFImageSavePanel */,
				96D7ACB0152CB953002945F0 /* Frameworks */,
				96D7ACAE152CB953002945F0 /* Products */,
			);
			sourceTree = "<group>";
		};
		96D7ACAE152CB953002945F0 /* Products */ = {
			isa = PBXGroup;
			children = (
				96D7ACAD152CB953002945F0 /* JFImageSavePanel.app */,
			);
			name = Products;
			sourceTree = "<group>";
		};
		96D7ACB0152CB953002945F0 /* Frameworks */ = {
			isa = PBXGroup;
			children = (
				96D7ACB1152CB953002945F0 /* Cocoa.framework */,
				96D7ACB3152CB953002945F0 /* Other Frameworks */,
			);
			name = Frameworks;
			sourceTree = "<group>";
		};
		96D7ACB3152CB953002945F0 /* Other Frameworks */ = {
			isa = PBXGroup;
			children = (
				96D7ACB4152CB953002945F0 /* AppKit.framework */,
				96D7ACB5152CB953002945F0 /* CoreData.framework */,
				96D7ACB6152CB953002945F0 /* Foundation.framework */,
			);
			name = "Other Frameworks";
			sourceTree = "<group>";
		};
		96D7ACB7152CB953002945F0 /* JFImageSavePanel */ = {
			isa = PBXGroup;
			children = (
				96D7ACC3152CB953002945F0 /* OFTAppDelegate.h */,
				96D7ACC4152CB953002945F0 /* OFTAppDelegate.m */,
				96D7ACC6152CB954002945F0 /* MainMenu.xib */,
				96D7ACB8152CB953002945F0 /* Supporting Files */,
			);
			path = JFImageSavePanel;
			sourceTree = "<group>";
		};
		96D7ACB8152CB953002945F0 /* Supporting Files */ = {
			isa = PBXGroup;
			children = (
				96D7ACB9152CB953002945F0 /* JFImageSavePanel-Info.plist */,
				96D7ACBA152CB953002945F0 /* InfoPlist.strings */,
				96D7ACBD152CB953002945F0 /* main.m */,
				96D7ACBF152CB953002945F0 /* JFImageSavePanel-Prefix.pch */,
				96D7ACC0152CB953002945F0 /* Credits.rtf */,
			);
			name = "Supporting Files";
			sourceTree = "<group>";
		};
/* End PBXGroup section */

/* Begin PBXNativeTarget section */
		96D7ACAC152CB953002945F0 /* JFImageSavePanel */ = {
			isa = PBXNativeTarget;
			buildConfigurationList = 96D7ACCB152CB954002945F0 /* Build configuration list for PBXNativeTarget "JFImageSavePanel" */;
			buildPhases = (
				96D7ACA9152CB953002945F0 /* Sources */,
				96D7ACAA152CB953002945F0 /* Frameworks */,
				96D7ACAB152CB953002945F0 /* Resources */,
			);
			buildRules = (
			);
			dependencies = (
			);
			name = JFImageSavePanel;
			productName = JFImageSavePanel;
			productReference = 96D7ACAD152CB953002945F0 /* JFImageSavePanel.app */;
			productType = "com.apple.product-type.application";
		};
/* End PBXNativeTarget section */

/* Begin PBXProject section */
		96D7ACA4152CB953002945F0 /* Project object */ = {
			isa = PBXProject;
			attributes = {
				LastUpgradeCheck = 0420;
			};
			buildConfigurationList = 96D7ACA7152CB953002945F0 /* Build configuration list for PBXProject "JFImageSavePanel" */;
			compatibilityVersion = "Xcode 3.2";
			developmentRegion = English;
			hasScannedForEncodings = 0;
			knownRegions = (
				en,
			);
			mainGroup = 96D7ACA2152CB953002945F0;
			productRefGroup = 96D7ACAE152CB953002945F0 /* Products */;
			projectDirPath = "";
			projectRoot = "";
			targets = (
				96D7ACAC152CB953002945F0 /* JFImageSavePanel */,
			);
		};
/* End PBXProject section */

/* Begin PBXResourcesBuildPhase section */
		96D7ACAB152CB953002945F0 /* Resources */ = {
			isa = PBXResourcesBuildPhase;
			buildActionMask = 2147483647;
			files = (
				96D7ACBC152CB953002945F0 /* InfoPlist.strings in Resources */,
				96D7ACC2152CB953002945F0 /* Credits.rtf in Resources */,
				96D7ACC8152CB954002945F0 /* MainMenu.xib in Resources */,
			);
			runOnlyForDeploymentPostprocessing = 0;
		};
/* End PBXResourcesBuildPhase section */

/* Begin PBXSourcesBuildPhase section */
		96D7ACA9152CB953002945F0 /* Sources */ = {
			isa = PBXSourcesBuildPhase;
			buildActionMask = 2147483647;
			files = (
				96D7ACBE152CB953002945F0 /* main.m in Sources */,
				96D7ACC5152CB953002945F0 /* OFTAppDelegate.m in Sources */,
			);
			runOnlyForDeploymentPostprocessing = 0;
		};
/* End PBXSourcesBuildPhase section */

/* Begin PBXVariantGroup section */
		96D7ACBA152CB953002945F0 /* InfoPlist.strings */ = {
			isa = PBXVariantGroup;
			children = (
				96D7ACBB152CB953002945F0 /* en */,
			);
			name = InfoPlist.strings;
			sourceTree = "<group>";
		};
		96D7ACC0152CB953002945F0 /* Credits.rtf */ = {
			isa = PBXVariantGroup;
			children = (
				96D7ACC1152CB953002945F0 /* en */,
			);
			name = Credits.rtf;
			sourceTree = "<group>";
		};
		96D7ACC6152CB954002945F0 /* MainMenu.xib */ = {
			isa = PBXVariantGroup;
			children = (
				96D7ACC7152CB954002945F0 /* en */,
			);
			name = MainMenu.xib;
			sourceTree = "<group>";
		};
/* End PBXVariantGroup section */

/* Begin XCBuildConfiguration section */
		96D7ACC9152CB954002945F0 /* Debug */ = {
			isa = XCBuildConfiguration;
			buildSettings = {
				ALWAYS_SEARCH_USER_PATHS = NO;
				ARCHS = "$(ARCHS_STANDARD_64_BIT)";
				COPY_PHASE_STRIP = NO;
				GCC_C_LANGUAGE_STANDARD = gnu99;
				GCC_DYNAMIC_NO_PIC = NO;
				GCC_ENABLE_OBJC_EXCEPTIONS = YES;
				GCC_OPTIMIZATION_LEVEL = 0;
				GCC_PREPROCESSOR_DEFINITIONS = (
					"DEBUG=1",
					"$(inherited)",
				);
				GCC_SYMBOLS_PRIVATE_EXTERN = NO;
				GCC_VERSION = com.apple.compilers.llvm.clang.1_0;
				GCC_WARN_64_TO_32_BIT_CONVERSION = YES;
				GCC_WARN_ABOUT_MISSING_PROTOTYPES = YES;
				GCC_WARN_ABOUT_RETURN_TYPE = YES;
				GCC_WARN_UNUSED_VARIABLE = YES;
				MACOSX_DEPLOYMENT_TARGET = 10.7;
				ONLY_ACTIVE_ARCH = YES;
				SDKROOT = macosx;
			};
			name = Debug;
		};
		96D7ACCA152CB954002945F0 /* Release */ = {
			isa = XCBuildConfiguration;
			buildSettings = {
				ALWAYS_SEARCH_USER_PATHS = NO;
				ARCHS = "$(ARCHS_STANDARD_64_BIT)";
				COPY_PHASE_STRIP = YES;
				DEBUG_INFORMATION_FORMAT = "dwarf-with-dsym";
				GCC_C_LANGUAGE_STANDARD = gnu99;
				GCC_ENABLE_OBJC_EXCEPTIONS = YES;
				GCC_VERSION = com.apple.compilers.llvm.clang.1_0;
				GCC_WARN_64_TO_32_BIT_CONVERSION = YES;
				GCC_WARN_ABOUT_MISSING_PROTOTYPES = YES;
				GCC_WARN_ABOUT_RETURN_TYPE = YES;
				GCC_WARN_UNUSED_VARIABLE = YES;
				MACOSX_DEPLOYMENT_TARGET = 10.7;
				SDKROOT = macosx;
			};
			name = Release;
		};
		96D7ACCC152CB954002945F0 /* Debug */ = {
			isa = XCBuildConfiguration;
			buildSettings = {
				GCC_PRECOMPILE_PREFIX_HEADER = YES;
				GCC_PREFIX_HEADER = "JFImageSavePanel/JFImageSavePanel-Prefix.pch";
				INFOPLIST_FILE = "JFImageSavePanel/JFImageSavePanel-Info.plist";
				PRODUCT_NAME = "$(TARGET_NAME)";
				WRAPPER_EXTENSION = app;
			};
			name = Debug;
		};
		96D7ACCD152CB954002945F0 /* Release */ = {
			isa = XCBuildConfiguration;
			buildSettings = {
				GCC_PRECOMPILE_PREFIX_HEADER = YES;
				GCC_PREFIX_HEADER = "JFImageSavePanel/JFImageSavePanel-Prefix.pch";
				INFOPLIST_FILE = "JFImageSavePanel/JFImageSavePanel-Info.plist";
				PRODUCT_NAME = "$(TARGET_NAME)";
				WRAPPER_EXTENSION = app;
			};
			name = Release;
		};
/* End XCBuildConfiguration section */

/* Begin XCConfigurationList section */
		96D7ACA7152CB953002945F0 /* Build configuration list for PBXProject "JFImageSavePanel" */ = {
			isa = XCConfigurationList;
			buildConfigurations = (
				96D7ACC9152CB954002945F0 /* Debug */,
				96D7ACCA152CB954002945F0 /* Release */,
			);
			defaultConfigurationIsVisible = 0;
			defaultConfigurationName = Release;
		};
		96D7ACCB152CB954002945F0 /* Build configuration list for PBXNativeTarget "JFImageSavePanel" */ = {
			isa = XCConfigurationList;
			buildConfigurations = (
				96D7ACCC152CB954002945F0 /* Debug */,
				96D7ACCD152CB954002945F0 /* Release */,
			);
			defaultConfigurationIsVisible = 0;
		};
/* End XCConfigurationList section */
	};
	rootObject = 96D7ACA4152CB953002945F0 /* Project object */;
}
